
Microsoft Visual Studio Solution File, Format Version 12.00
# Visual Studio Version 17
VisualStudioVersion = 17.13.35931.197 d17.13
MinimumVisualStudioVersion = 10.0.40219.1
Project("{8BC9CEB8-8B4A-11D0-8D11-00A0C91BC942}") = "C++Lab1Ex3", "C++Lab1Ex3.vcxproj", "{59CD6CA3-CD28-46FB-A1B1-E6419EAC072F}"
EndProject
Global
	GlobalSection(SolutionConfigurationPlatforms) = preSolution
		Debug|x64 = Debug|x64
		Debug|x86 = Debug|x86
		Release|x64 = Release|x64
		Release|x86 = Release|x86
	EndGlobalSection
	GlobalSection(ProjectConfigurationPlatforms) = postSolution
		{59CD6CA3-CD28-46FB-A1B1-E6419EAC072F}.Debug|x64.ActiveCfg = Debug|x64
		{59CD6CA3-CD28-46FB-A1B1-E6419EAC072F}.Debug|x64.Build.0 = Debug|x64
		{59CD6CA3-CD28-46FB-A1B1-E6419EAC072F}.Debug|x86.ActiveCfg = Debug|Win32
		{59CD6CA3-CD28-46FB-A1B1-E6419EAC072F}.Debug|x86.Build.0 = Debug|Win32
		{59CD6CA3-CD28-46FB-A1B1-E6419EAC072F}.Release|x64.ActiveCfg = Release|x64
		{59CD6CA3-CD28-46FB-A1B1-E6419EAC072F}.Release|x64.Build.0 = Release|x64
		{59CD6CA3-CD28-46FB-A1B1-E6419EAC072F}.Release|x86.ActiveCfg = Release|Win32
		{59CD6CA3-CD28-46FB-A1B1-E6419EAC072F}.Release|x86.Build.0 = Release|Win32
	EndGlobalSection
	GlobalSection(SolutionProperties) = preSolution
		HideSolutionNode = FALSE
	EndGlobalSection
	GlobalSection(ExtensibilityGlobals) = postSolution
		SolutionGuid = {6BD0BD7D-92A3-43FF-AC11-D25461BC1531}
	EndGlobalSection
EndGlobal
